// !$*UTF8*$!
{
	archiveVersion = 1;
	classes = {
	};
	objectVersion = 55;
	objects = {

/* Begin PBXBuildFile section */
		220E80492775EEA200E09DF7 /* DummyProductService.swift in Sources */ = {isa = PBXBuildFile; fileRef = 220E80482775EEA200E09DF7 /* DummyProductService.swift */; };
		220E804B2775EF6A00E09DF7 /* ProductServiceResponderStub.swift in Sources */ = {isa = PBXBuildFile; fileRef = 220E804A2775EF6A00E09DF7 /* ProductServiceResponderStub.swift */; };
		220E804E2775F0B000E09DF7 /* ProductsViewModelTestHelper.swift in Sources */ = {isa = PBXBuildFile; fileRef = 220E804D2775F0B000E09DF7 /* ProductsViewModelTestHelper.swift */; };
		220E80502775F42000E09DF7 /* ProductServiceSabouterStub.swift in Sources */ = {isa = PBXBuildFile; fileRef = 220E804F2775F42000E09DF7 /* ProductServiceSabouterStub.swift */; };
		226814942763558700D86311 /* ProductsViewModel.swift in Sources */ = {isa = PBXBuildFile; fileRef = 226814932763558700D86311 /* ProductsViewModel.swift */; };
		2268149A2763576E00D86311 /* HTTPUrlResponse.swift in Sources */ = {isa = PBXBuildFile; fileRef = 226814992763576E00D86311 /* HTTPUrlResponse.swift */; };
		2268149D2763643C00D86311 /* ProductCategory2.swift in Sources */ = {isa = PBXBuildFile; fileRef = 2268149C2763643C00D86311 /* ProductCategory2.swift */; };
		2268149F276371D800D86311 /* ProductService_Tests.swift in Sources */ = {isa = PBXBuildFile; fileRef = 2268149E276371D800D86311 /* ProductService_Tests.swift */; };
		226814A127637E1800D86311 /* RequestPackager.swift in Sources */ = {isa = PBXBuildFile; fileRef = 226814A027637E1800D86311 /* RequestPackager.swift */; };
		226814A427637EF100D86311 /* Cart.swift in Sources */ = {isa = PBXBuildFile; fileRef = 226814A327637EF100D86311 /* Cart.swift */; };
		226814A62763A2F800D86311 /* Cart_Tests.swift in Sources */ = {isa = PBXBuildFile; fileRef = 226814A52763A2F800D86311 /* Cart_Tests.swift */; };
		2275ACFD275FDFEF00C32262 /* ProductDetailsPage.swift in Sources */ = {isa = PBXBuildFile; fileRef = 2275ACFC275FDFEF00C32262 /* ProductDetailsPage.swift */; };
		2275ACFF275FF79900C32262 /* ColorExtension.swift in Sources */ = {isa = PBXBuildFile; fileRef = 2275ACFE275FF79900C32262 /* ColorExtension.swift */; };
		22767058275F78AC00EA95DA /* bil403App.swift in Sources */ = {isa = PBXBuildFile; fileRef = 22767057275F78AC00EA95DA /* bil403App.swift */; };
		2276705A275F78AC00EA95DA /* ContentView.swift in Sources */ = {isa = PBXBuildFile; fileRef = 22767059275F78AC00EA95DA /* ContentView.swift */; };
		2276705F275F78AD00EA95DA /* Preview Assets.xcassets in Resources */ = {isa = PBXBuildFile; fileRef = 2276705E275F78AD00EA95DA /* Preview Assets.xcassets */; };
		22767069275F78AD00EA95DA /* bil403Tests.swift in Sources */ = {isa = PBXBuildFile; fileRef = 22767068275F78AD00EA95DA /* bil403Tests.swift */; };
		22767073275F78AD00EA95DA /* bil403UITests.swift in Sources */ = {isa = PBXBuildFile; fileRef = 22767072275F78AD00EA95DA /* bil403UITests.swift */; };
		22767075275F78AD00EA95DA /* bil403UITestsLaunchTests.swift in Sources */ = {isa = PBXBuildFile; fileRef = 22767074275F78AD00EA95DA /* bil403UITestsLaunchTests.swift */; };
		22767083275F9F1A00EA95DA /* HomeView.swift in Sources */ = {isa = PBXBuildFile; fileRef = 22767082275F9F1A00EA95DA /* HomeView.swift */; };
		22767086275F9FA200EA95DA /* ProductsView.swift in Sources */ = {isa = PBXBuildFile; fileRef = 22767085275F9FA200EA95DA /* ProductsView.swift */; };
		22767089275FAD0900EA95DA /* CategoryProductsView.swift in Sources */ = {isa = PBXBuildFile; fileRef = 22767088275FAD0900EA95DA /* CategoryProductsView.swift */; };
		2276708B275FAE4800EA95DA /* AdvertisementCarouselView.swift in Sources */ = {isa = PBXBuildFile; fileRef = 2276708A275FAE4800EA95DA /* AdvertisementCarouselView.swift */; };
		2276708D275FB50000EA95DA /* CategoriesGrid.swift in Sources */ = {isa = PBXBuildFile; fileRef = 2276708C275FB50000EA95DA /* CategoriesGrid.swift */; };
		2276708F275FB53F00EA95DA /* CategoryCard.swift in Sources */ = {isa = PBXBuildFile; fileRef = 2276708E275FB53F00EA95DA /* CategoryCard.swift */; };
		22767091275FB86C00EA95DA /* ProductCard.swift in Sources */ = {isa = PBXBuildFile; fileRef = 22767090275FB86C00EA95DA /* ProductCard.swift */; };
		22767094275FBF3900EA95DA /* Product.swift in Sources */ = {isa = PBXBuildFile; fileRef = 22767093275FBF3900EA95DA /* Product.swift */; };
		22767097275FC05100EA95DA /* MockObjects.swift in Sources */ = {isa = PBXBuildFile; fileRef = 22767096275FC05100EA95DA /* MockObjects.swift */; };
		2276709A275FC0F500EA95DA /* DoubleExtension.swift in Sources */ = {isa = PBXBuildFile; fileRef = 22767099275FC0F500EA95DA /* DoubleExtension.swift */; };
		2279486327664309000FC651 /* Address.swift in Sources */ = {isa = PBXBuildFile; fileRef = 2279486227664309000FC651 /* Address.swift */; };
		2279486527664319000FC651 /* PaymentMethod.swift in Sources */ = {isa = PBXBuildFile; fileRef = 2279486427664319000FC651 /* PaymentMethod.swift */; };
		227948672766435B000FC651 /* PaymentAddressSelectionViewModel.swift in Sources */ = {isa = PBXBuildFile; fileRef = 227948662766435B000FC651 /* PaymentAddressSelectionViewModel.swift */; };
		2279486927664D13000FC651 /* OrderConfirmationViewModel.swift in Sources */ = {isa = PBXBuildFile; fileRef = 2279486827664D13000FC651 /* OrderConfirmationViewModel.swift */; };
		2279486B27664E62000FC651 /* Endpoint.swift in Sources */ = {isa = PBXBuildFile; fileRef = 2279486A27664E62000FC651 /* Endpoint.swift */; };
		2279486E27665F18000FC651 /* Advertisement.swift in Sources */ = {isa = PBXBuildFile; fileRef = 2279486D27665F18000FC651 /* Advertisement.swift */; };
		2279487227666F6A000FC651 /* MyAddressesPage.swift in Sources */ = {isa = PBXBuildFile; fileRef = 2279487127666F6A000FC651 /* MyAddressesPage.swift */; };
		2279487B2766709C000FC651 /* MyPaymentMethodsPage.swift in Sources */ = {isa = PBXBuildFile; fileRef = 2279487A2766709C000FC651 /* MyPaymentMethodsPage.swift */; };
		2279487D276670C5000FC651 /* MyOrdersPage.swift in Sources */ = {isa = PBXBuildFile; fileRef = 2279487C276670C5000FC651 /* MyOrdersPage.swift */; };
		2279487F27667889000FC651 /* LazyView.swift in Sources */ = {isa = PBXBuildFile; fileRef = 2279487E27667889000FC651 /* LazyView.swift */; };
		2279488127667D2A000FC651 /* MyAddressesViewModel.swift in Sources */ = {isa = PBXBuildFile; fileRef = 2279488027667D2A000FC651 /* MyAddressesViewModel.swift */; };
		2279488327668192000FC651 /* SearchViewModel.swift in Sources */ = {isa = PBXBuildFile; fileRef = 2279488227668192000FC651 /* SearchViewModel.swift */; };
		2279488527668EDB000FC651 /* MyPaymentMethodsViewModel.swift in Sources */ = {isa = PBXBuildFile; fileRef = 2279488427668EDB000FC651 /* MyPaymentMethodsViewModel.swift */; };
		227948882766942B000FC651 /* ProfileViewModel.swift in Sources */ = {isa = PBXBuildFile; fileRef = 227948872766942B000FC651 /* ProfileViewModel.swift */; };
		2281C44B277266BB0004187C /* product1.json in Sources */ = {isa = PBXBuildFile; fileRef = 2281C44A277266BB0004187C /* product1.json */; };
		2281C44E277266F90004187C /* product3.json in Sources */ = {isa = PBXBuildFile; fileRef = 2281C44D277266F90004187C /* product3.json */; };
		2281C4502772670C0004187C /* order.json in Sources */ = {isa = PBXBuildFile; fileRef = 2281C44F2772670C0004187C /* order.json */; };
		2281C45227726B6B0004187C /* readStub.swift in Sources */ = {isa = PBXBuildFile; fileRef = 2281C45127726B6B0004187C /* readStub.swift */; };
		2281C456277271350004187C /* ProductsViewModel_Tests.swift in Sources */ = {isa = PBXBuildFile; fileRef = 2281C455277271350004187C /* ProductsViewModel_Tests.swift */; };
		22852A692764CFE8003E7FEF /* UserProfilePage.swift in Sources */ = {isa = PBXBuildFile; fileRef = 22852A682764CFE8003E7FEF /* UserProfilePage.swift */; };
		22852A6B2764D11F003E7FEF /* AppNavBar.swift in Sources */ = {isa = PBXBuildFile; fileRef = 22852A6A2764D11F003E7FEF /* AppNavBar.swift */; };
		2287D08027621F74005118AF /* PaymentAddressSelectionPage.swift in Sources */ = {isa = PBXBuildFile; fileRef = 2287D07F27621F74005118AF /* PaymentAddressSelectionPage.swift */; };
		2287D085276244A3005118AF /* ConfirmationReviewPage.swift in Sources */ = {isa = PBXBuildFile; fileRef = 2287D084276244A3005118AF /* ConfirmationReviewPage.swift */; };
		228C6AEB2760D5D000482362 /* SearchProductPage.swift in Sources */ = {isa = PBXBuildFile; fileRef = 228C6AEA2760D5D000482362 /* SearchProductPage.swift */; };
		228C6AEE2760DC8F00482362 /* Placeholder.swift in Sources */ = {isa = PBXBuildFile; fileRef = 228C6AED2760DC8F00482362 /* Placeholder.swift */; };
		228C6AF12760E0E900482362 /* CartIcon.swift in Sources */ = {isa = PBXBuildFile; fileRef = 228C6AF02760E0E900482362 /* CartIcon.swift */; };
		228C6AF52760E81100482362 /* CartPage.swift in Sources */ = {isa = PBXBuildFile; fileRef = 228C6AF42760E81100482362 /* CartPage.swift */; };
		228C6AF72760FB7700482362 /* CartProductView.swift in Sources */ = {isa = PBXBuildFile; fileRef = 228C6AF62760FB7700482362 /* CartProductView.swift */; };
		228C6AF92760FBAD00482362 /* CartPageNavBar.swift in Sources */ = {isa = PBXBuildFile; fileRef = 228C6AF82760FBAD00482362 /* CartPageNavBar.swift */; };
		2291A1A62773475300289D48 /* LazyProductService.swift in Sources */ = {isa = PBXBuildFile; fileRef = 2291A1A52773475300289D48 /* LazyProductService.swift */; };
		22954310276FD1D70045C953 /* CloseKeyboardWhenClickedOutside.swift in Sources */ = {isa = PBXBuildFile; fileRef = 2295430F276FD1D70045C953 /* CloseKeyboardWhenClickedOutside.swift */; };
		2297303027627091003C80E0 /* PresentationNodeExtension.swift in Sources */ = {isa = PBXBuildFile; fileRef = 2297302F27627091003C80E0 /* PresentationNodeExtension.swift */; };
		2297303227627743003C80E0 /* NavigationHelper.swift in Sources */ = {isa = PBXBuildFile; fileRef = 2297303127627743003C80E0 /* NavigationHelper.swift */; };
		229730352762819B003C80E0 /* NavigationViewKit in Frameworks */ = {isa = PBXBuildFile; productRef = 229730342762819B003C80E0 /* NavigationViewKit */; };
		229730372762A5B3003C80E0 /* AppAlert.swift in Sources */ = {isa = PBXBuildFile; fileRef = 229730362762A5B3003C80E0 /* AppAlert.swift */; };
		2297303A2762A841003C80E0 /* FLAnimatedImage in Frameworks */ = {isa = PBXBuildFile; productRef = 229730392762A841003C80E0 /* FLAnimatedImage */; };
		2297303C2762A85F003C80E0 /* GIFView.swift in Sources */ = {isa = PBXBuildFile; fileRef = 2297303B2762A85F003C80E0 /* GIFView.swift */; };
		229730402762AE03003C80E0 /* spinner.gif in Resources */ = {isa = PBXBuildFile; fileRef = 2297303F2762AE03003C80E0 /* spinner.gif */; };
		229730442762B0BA003C80E0 /* Assets.xcassets in Resources */ = {isa = PBXBuildFile; fileRef = 229730432762B0BA003C80E0 /* Assets.xcassets */; };
		22A5D3CC276C9FD9001F5C79 /* README.md in Resources */ = {isa = PBXBuildFile; fileRef = 22A5D3CB276C9FD9001F5C79 /* README.md */; };
		22A5D3CF276CB15A001F5C79 /* Order.swift in Sources */ = {isa = PBXBuildFile; fileRef = 22A5D3CE276CB15A001F5C79 /* Order.swift */; };
		22A5D3D1276CB184001F5C79 /* CartItem.swift in Sources */ = {isa = PBXBuildFile; fileRef = 22A5D3D0276CB184001F5C79 /* CartItem.swift */; };
		22C86C3C276E1CF400039523 /* Stubbable.swift in Sources */ = {isa = PBXBuildFile; fileRef = 22C86C3B276E1CF400039523 /* Stubbable.swift */; };
		22C86C3F276E423000039523 /* NetworkService.swift in Sources */ = {isa = PBXBuildFile; fileRef = 22C86C3E276E423000039523 /* NetworkService.swift */; };
		22C86C59276E823C00039523 /* Dependencies.swift in Sources */ = {isa = PBXBuildFile; fileRef = 22C86C58276E823C00039523 /* Dependencies.swift */; };
		22F12A0F277093DD009F50DB /* NetworkServiceProtocol.swift in Sources */ = {isa = PBXBuildFile; fileRef = 22F12A0E277093DD009F50DB /* NetworkServiceProtocol.swift */; };
		22F12A112770950D009F50DB /* ProductServiceProtocol.swift in Sources */ = {isa = PBXBuildFile; fileRef = 22F12A102770950D009F50DB /* ProductServiceProtocol.swift */; };
		22F12A132770954E009F50DB /* ProductService.swift in Sources */ = {isa = PBXBuildFile; fileRef = 22F12A122770954E009F50DB /* ProductService.swift */; };
		22F12A1627709A4D009F50DB /* SplashView.swift in Sources */ = {isa = PBXBuildFile; fileRef = 22F12A1527709A4D009F50DB /* SplashView.swift */; };
/* End PBXBuildFile section */

/* Begin PBXContainerItemProxy section */
		22767065275F78AD00EA95DA /* PBXContainerItemProxy */ = {
			isa = PBXContainerItemProxy;
			containerPortal = 2276704C275F78AC00EA95DA /* Project object */;
			proxyType = 1;
			remoteGlobalIDString = 22767053275F78AC00EA95DA;
			remoteInfo = bil403;
		};
		2276706F275F78AD00EA95DA /* PBXContainerItemProxy */ = {
			isa = PBXContainerItemProxy;
			containerPortal = 2276704C275F78AC00EA95DA /* Project object */;
			proxyType = 1;
			remoteGlobalIDString = 22767053275F78AC00EA95DA;
			remoteInfo = bil403;
		};
/* End PBXContainerItemProxy section */

/* Begin PBXFileReference section */
		220E80482775EEA200E09DF7 /* DummyProductService.swift */ = {isa = PBXFileReference; lastKnownFileType = sourcecode.swift; path = DummyProductService.swift; sourceTree = "<group>"; };
		220E804A2775EF6A00E09DF7 /* ProductServiceResponderStub.swift */ = {isa = PBXFileReference; lastKnownFileType = sourcecode.swift; path = ProductServiceResponderStub.swift; sourceTree = "<group>"; };
		220E804D2775F0B000E09DF7 /* ProductsViewModelTestHelper.swift */ = {isa = PBXFileReference; lastKnownFileType = sourcecode.swift; path = ProductsViewModelTestHelper.swift; sourceTree = "<group>"; };
		220E804F2775F42000E09DF7 /* ProductServiceSabouterStub.swift */ = {isa = PBXFileReference; lastKnownFileType = sourcecode.swift; path = ProductServiceSabouterStub.swift; sourceTree = "<group>"; };
		226814932763558700D86311 /* ProductsViewModel.swift */ = {isa = PBXFileReference; lastKnownFileType = sourcecode.swift; path = ProductsViewModel.swift; sourceTree = "<group>"; };
		226814992763576E00D86311 /* HTTPUrlResponse.swift */ = {isa = PBXFileReference; lastKnownFileType = sourcecode.swift; path = HTTPUrlResponse.swift; sourceTree = "<group>"; };
		2268149C2763643C00D86311 /* ProductCategory2.swift */ = {isa = PBXFileReference; lastKnownFileType = sourcecode.swift; path = ProductCategory2.swift; sourceTree = "<group>"; };
		2268149E276371D800D86311 /* ProductService_Tests.swift */ = {isa = PBXFileReference; lastKnownFileType = sourcecode.swift; path = ProductService_Tests.swift; sourceTree = "<group>"; };
		226814A027637E1800D86311 /* RequestPackager.swift */ = {isa = PBXFileReference; lastKnownFileType = sourcecode.swift; path = RequestPackager.swift; sourceTree = "<group>"; };
		226814A327637EF100D86311 /* Cart.swift */ = {isa = PBXFileReference; lastKnownFileType = sourcecode.swift; path = Cart.swift; sourceTree = "<group>"; };
		226814A52763A2F800D86311 /* Cart_Tests.swift */ = {isa = PBXFileReference; lastKnownFileType = sourcecode.swift; path = Cart_Tests.swift; sourceTree = "<group>"; };
		2275ACFC275FDFEF00C32262 /* ProductDetailsPage.swift */ = {isa = PBXFileReference; lastKnownFileType = sourcecode.swift; path = ProductDetailsPage.swift; sourceTree = "<group>"; };
		2275ACFE275FF79900C32262 /* ColorExtension.swift */ = {isa = PBXFileReference; lastKnownFileType = sourcecode.swift; path = ColorExtension.swift; sourceTree = "<group>"; };
		22767054275F78AC00EA95DA /* bil403.app */ = {isa = PBXFileReference; explicitFileType = wrapper.application; includeInIndex = 0; path = bil403.app; sourceTree = BUILT_PRODUCTS_DIR; };
		22767057275F78AC00EA95DA /* bil403App.swift */ = {isa = PBXFileReference; lastKnownFileType = sourcecode.swift; path = bil403App.swift; sourceTree = "<group>"; };
		22767059275F78AC00EA95DA /* ContentView.swift */ = {isa = PBXFileReference; lastKnownFileType = sourcecode.swift; path = ContentView.swift; sourceTree = "<group>"; };
		2276705E275F78AD00EA95DA /* Preview Assets.xcassets */ = {isa = PBXFileReference; lastKnownFileType = folder.assetcatalog; path = "Preview Assets.xcassets"; sourceTree = "<group>"; };
		22767064275F78AD00EA95DA /* bil403Tests.xctest */ = {isa = PBXFileReference; explicitFileType = wrapper.cfbundle; includeInIndex = 0; path = bil403Tests.xctest; sourceTree = BUILT_PRODUCTS_DIR; };
		22767068275F78AD00EA95DA /* bil403Tests.swift */ = {isa = PBXFileReference; lastKnownFileType = sourcecode.swift; path = bil403Tests.swift; sourceTree = "<group>"; };
		2276706E275F78AD00EA95DA /* bil403UITests.xctest */ = {isa = PBXFileReference; explicitFileType = wrapper.cfbundle; includeInIndex = 0; path = bil403UITests.xctest; sourceTree = BUILT_PRODUCTS_DIR; };
		22767072275F78AD00EA95DA /* bil403UITests.swift */ = {isa = PBXFileReference; lastKnownFileType = sourcecode.swift; path = bil403UITests.swift; sourceTree = "<group>"; };
		22767074275F78AD00EA95DA /* bil403UITestsLaunchTests.swift */ = {isa = PBXFileReference; lastKnownFileType = sourcecode.swift; path = bil403UITestsLaunchTests.swift; sourceTree = "<group>"; };
		22767082275F9F1A00EA95DA /* HomeView.swift */ = {isa = PBXFileReference; lastKnownFileType = sourcecode.swift; path = HomeView.swift; sourceTree = "<group>"; };
		22767085275F9FA200EA95DA /* ProductsView.swift */ = {isa = PBXFileReference; lastKnownFileType = sourcecode.swift; path = ProductsView.swift; sourceTree = "<group>"; };
		22767088275FAD0900EA95DA /* CategoryProductsView.swift */ = {isa = PBXFileReference; lastKnownFileType = sourcecode.swift; path = CategoryProductsView.swift; sourceTree = "<group>"; };
		2276708A275FAE4800EA95DA /* AdvertisementCarouselView.swift */ = {isa = PBXFileReference; lastKnownFileType = sourcecode.swift; path = AdvertisementCarouselView.swift; sourceTree = "<group>"; };
		2276708C275FB50000EA95DA /* CategoriesGrid.swift */ = {isa = PBXFileReference; lastKnownFileType = sourcecode.swift; path = CategoriesGrid.swift; sourceTree = "<group>"; };
		2276708E275FB53F00EA95DA /* CategoryCard.swift */ = {isa = PBXFileReference; lastKnownFileType = sourcecode.swift; path = CategoryCard.swift; sourceTree = "<group>"; };
		22767090275FB86C00EA95DA /* ProductCard.swift */ = {isa = PBXFileReference; lastKnownFileType = sourcecode.swift; path = ProductCard.swift; sourceTree = "<group>"; };
		22767093275FBF3900EA95DA /* Product.swift */ = {isa = PBXFileReference; lastKnownFileType = sourcecode.swift; path = Product.swift; sourceTree = "<group>"; };
		22767096275FC05100EA95DA /* MockObjects.swift */ = {isa = PBXFileReference; lastKnownFileType = sourcecode.swift; path = MockObjects.swift; sourceTree = "<group>"; };
		22767099275FC0F500EA95DA /* DoubleExtension.swift */ = {isa = PBXFileReference; lastKnownFileType = sourcecode.swift; path = DoubleExtension.swift; sourceTree = "<group>"; };
		2279486227664309000FC651 /* Address.swift */ = {isa = PBXFileReference; lastKnownFileType = sourcecode.swift; path = Address.swift; sourceTree = "<group>"; };
		2279486427664319000FC651 /* PaymentMethod.swift */ = {isa = PBXFileReference; lastKnownFileType = sourcecode.swift; path = PaymentMethod.swift; sourceTree = "<group>"; };
		227948662766435B000FC651 /* PaymentAddressSelectionViewModel.swift */ = {isa = PBXFileReference; lastKnownFileType = sourcecode.swift; path = PaymentAddressSelectionViewModel.swift; sourceTree = "<group>"; };
		2279486827664D13000FC651 /* OrderConfirmationViewModel.swift */ = {isa = PBXFileReference; lastKnownFileType = sourcecode.swift; path = OrderConfirmationViewModel.swift; sourceTree = "<group>"; };
		2279486A27664E62000FC651 /* Endpoint.swift */ = {isa = PBXFileReference; lastKnownFileType = sourcecode.swift; path = Endpoint.swift; sourceTree = "<group>"; };
		2279486D27665F18000FC651 /* Advertisement.swift */ = {isa = PBXFileReference; lastKnownFileType = sourcecode.swift; path = Advertisement.swift; sourceTree = "<group>"; };
		2279487127666F6A000FC651 /* MyAddressesPage.swift */ = {isa = PBXFileReference; lastKnownFileType = sourcecode.swift; path = MyAddressesPage.swift; sourceTree = "<group>"; };
		2279487A2766709C000FC651 /* MyPaymentMethodsPage.swift */ = {isa = PBXFileReference; lastKnownFileType = sourcecode.swift; path = MyPaymentMethodsPage.swift; sourceTree = "<group>"; };
		2279487C276670C5000FC651 /* MyOrdersPage.swift */ = {isa = PBXFileReference; lastKnownFileType = sourcecode.swift; path = MyOrdersPage.swift; sourceTree = "<group>"; };
		2279487E27667889000FC651 /* LazyView.swift */ = {isa = PBXFileReference; lastKnownFileType = sourcecode.swift; path = LazyView.swift; sourceTree = "<group>"; };
		2279488027667D2A000FC651 /* MyAddressesViewModel.swift */ = {isa = PBXFileReference; lastKnownFileType = sourcecode.swift; path = MyAddressesViewModel.swift; sourceTree = "<group>"; };
		2279488227668192000FC651 /* SearchViewModel.swift */ = {isa = PBXFileReference; lastKnownFileType = sourcecode.swift; path = SearchViewModel.swift; sourceTree = "<group>"; };
		2279488427668EDB000FC651 /* MyPaymentMethodsViewModel.swift */ = {isa = PBXFileReference; lastKnownFileType = sourcecode.swift; path = MyPaymentMethodsViewModel.swift; sourceTree = "<group>"; };
		227948872766942B000FC651 /* ProfileViewModel.swift */ = {isa = PBXFileReference; lastKnownFileType = sourcecode.swift; path = ProfileViewModel.swift; sourceTree = "<group>"; };
		2281C44A277266BB0004187C /* product1.json */ = {isa = PBXFileReference; lastKnownFileType = text.json; path = product1.json; sourceTree = "<group>"; };
		2281C44C277266E00004187C /* product2.json */ = {isa = PBXFileReference; lastKnownFileType = text.json; path = product2.json; sourceTree = "<group>"; };
		2281C44D277266F90004187C /* product3.json */ = {isa = PBXFileReference; lastKnownFileType = text.json; path = product3.json; sourceTree = "<group>"; };
		2281C44F2772670C0004187C /* order.json */ = {isa = PBXFileReference; lastKnownFileType = text.json; path = order.json; sourceTree = "<group>"; };
		2281C45127726B6B0004187C /* readStub.swift */ = {isa = PBXFileReference; lastKnownFileType = sourcecode.swift; path = readStub.swift; sourceTree = "<group>"; };
		2281C455277271350004187C /* ProductsViewModel_Tests.swift */ = {isa = PBXFileReference; lastKnownFileType = sourcecode.swift; path = ProductsViewModel_Tests.swift; sourceTree = "<group>"; };
		22852A682764CFE8003E7FEF /* UserProfilePage.swift */ = {isa = PBXFileReference; lastKnownFileType = sourcecode.swift; path = UserProfilePage.swift; sourceTree = "<group>"; };
		22852A6A2764D11F003E7FEF /* AppNavBar.swift */ = {isa = PBXFileReference; lastKnownFileType = sourcecode.swift; path = AppNavBar.swift; sourceTree = "<group>"; };
		2287D07F27621F74005118AF /* PaymentAddressSelectionPage.swift */ = {isa = PBXFileReference; lastKnownFileType = sourcecode.swift; path = PaymentAddressSelectionPage.swift; sourceTree = "<group>"; };
		2287D084276244A3005118AF /* ConfirmationReviewPage.swift */ = {isa = PBXFileReference; lastKnownFileType = sourcecode.swift; path = ConfirmationReviewPage.swift; sourceTree = "<group>"; };
		228C6AEA2760D5D000482362 /* SearchProductPage.swift */ = {isa = PBXFileReference; lastKnownFileType = sourcecode.swift; path = SearchProductPage.swift; sourceTree = "<group>"; };
		228C6AED2760DC8F00482362 /* Placeholder.swift */ = {isa = PBXFileReference; lastKnownFileType = sourcecode.swift; path = Placeholder.swift; sourceTree = "<group>"; };
		228C6AF02760E0E900482362 /* CartIcon.swift */ = {isa = PBXFileReference; lastKnownFileType = sourcecode.swift; path = CartIcon.swift; sourceTree = "<group>"; };
		228C6AF42760E81100482362 /* CartPage.swift */ = {isa = PBXFileReference; lastKnownFileType = sourcecode.swift; path = CartPage.swift; sourceTree = "<group>"; };
		228C6AF62760FB7700482362 /* CartProductView.swift */ = {isa = PBXFileReference; lastKnownFileType = sourcecode.swift; path = CartProductView.swift; sourceTree = "<group>"; };
		228C6AF82760FBAD00482362 /* CartPageNavBar.swift */ = {isa = PBXFileReference; lastKnownFileType = sourcecode.swift; path = CartPageNavBar.swift; sourceTree = "<group>"; };
		2291A1A52773475300289D48 /* LazyProductService.swift */ = {isa = PBXFileReference; lastKnownFileType = sourcecode.swift; path = LazyProductService.swift; sourceTree = "<group>"; };
		2295430F276FD1D70045C953 /* CloseKeyboardWhenClickedOutside.swift */ = {isa = PBXFileReference; lastKnownFileType = sourcecode.swift; path = CloseKeyboardWhenClickedOutside.swift; sourceTree = "<group>"; };
		2297302F27627091003C80E0 /* PresentationNodeExtension.swift */ = {isa = PBXFileReference; lastKnownFileType = sourcecode.swift; path = PresentationNodeExtension.swift; sourceTree = "<group>"; };
		2297303127627743003C80E0 /* NavigationHelper.swift */ = {isa = PBXFileReference; lastKnownFileType = sourcecode.swift; path = NavigationHelper.swift; sourceTree = "<group>"; };
		229730362762A5B3003C80E0 /* AppAlert.swift */ = {isa = PBXFileReference; lastKnownFileType = sourcecode.swift; path = AppAlert.swift; sourceTree = "<group>"; };
		2297303B2762A85F003C80E0 /* GIFView.swift */ = {isa = PBXFileReference; lastKnownFileType = sourcecode.swift; path = GIFView.swift; sourceTree = "<group>"; };
		2297303F2762AE03003C80E0 /* spinner.gif */ = {isa = PBXFileReference; lastKnownFileType = image.gif; name = spinner.gif; path = ../../../../Downloads/spinner.gif; sourceTree = "<group>"; };
		229730432762B0BA003C80E0 /* Assets.xcassets */ = {isa = PBXFileReference; lastKnownFileType = folder.assetcatalog; name = Assets.xcassets; path = ../../../../deneme/bil403_vize/bil403/Assets.xcassets; sourceTree = "<group>"; };
		22A5D3CB276C9FD9001F5C79 /* README.md */ = {isa = PBXFileReference; lastKnownFileType = net.daringfireball.markdown; path = README.md; sourceTree = "<group>"; };
		22A5D3CE276CB15A001F5C79 /* Order.swift */ = {isa = PBXFileReference; lastKnownFileType = sourcecode.swift; path = Order.swift; sourceTree = "<group>"; };
		22A5D3D0276CB184001F5C79 /* CartItem.swift */ = {isa = PBXFileReference; lastKnownFileType = sourcecode.swift; path = CartItem.swift; sourceTree = "<group>"; };
		22C86C3B276E1CF400039523 /* Stubbable.swift */ = {isa = PBXFileReference; lastKnownFileType = sourcecode.swift; path = Stubbable.swift; sourceTree = "<group>"; };
		22C86C3E276E423000039523 /* NetworkService.swift */ = {isa = PBXFileReference; lastKnownFileType = sourcecode.swift; path = NetworkService.swift; sourceTree = "<group>"; };
		22C86C58276E823C00039523 /* Dependencies.swift */ = {isa = PBXFileReference; lastKnownFileType = sourcecode.swift; path = Dependencies.swift; sourceTree = "<group>"; };
		22F12A0E277093DD009F50DB /* NetworkServiceProtocol.swift */ = {isa = PBXFileReference; lastKnownFileType = sourcecode.swift; path = NetworkServiceProtocol.swift; sourceTree = "<group>"; };
		22F12A102770950D009F50DB /* ProductServiceProtocol.swift */ = {isa = PBXFileReference; lastKnownFileType = sourcecode.swift; path = ProductServiceProtocol.swift; sourceTree = "<group>"; };
		22F12A122770954E009F50DB /* ProductService.swift */ = {isa = PBXFileReference; lastKnownFileType = sourcecode.swift; path = ProductService.swift; sourceTree = "<group>"; };
		22F12A1527709A4D009F50DB /* SplashView.swift */ = {isa = PBXFileReference; lastKnownFileType = sourcecode.swift; path = SplashView.swift; sourceTree = "<group>"; };
/* End PBXFileReference section */

/* Begin PBXFrameworksBuildPhase section */
		22767051275F78AC00EA95DA /* Frameworks */ = {
			isa = PBXFrameworksBuildPhase;
			buildActionMask = 2147483647;
			files = (
				229730352762819B003C80E0 /* NavigationViewKit in Frameworks */,
				2297303A2762A841003C80E0 /* FLAnimatedImage in Frameworks */,
			);
			runOnlyForDeploymentPostprocessing = 0;
		};
		22767061275F78AD00EA95DA /* Frameworks */ = {
			isa = PBXFrameworksBuildPhase;
			buildActionMask = 2147483647;
			files = (
			);
			runOnlyForDeploymentPostprocessing = 0;
		};
		2276706B275F78AD00EA95DA /* Frameworks */ = {
			isa = PBXFrameworksBuildPhase;
			buildActionMask = 2147483647;
			files = (
			);
			runOnlyForDeploymentPostprocessing = 0;
		};
/* End PBXFrameworksBuildPhase section */

/* Begin PBXGroup section */
		220E80462775EE8000E09DF7 /* TestDoubles */ = {
			isa = PBXGroup;
			children = (
				220E80472775EE8900E09DF7 /* ProductService */,
			);
			path = TestDoubles;
			sourceTree = "<group>";
		};
		220E80472775EE8900E09DF7 /* ProductService */ = {
			isa = PBXGroup;
			children = (
				220E80482775EEA200E09DF7 /* DummyProductService.swift */,
				220E804A2775EF6A00E09DF7 /* ProductServiceResponderStub.swift */,
				220E804F2775F42000E09DF7 /* ProductServiceSabouterStub.swift */,
			);
			path = ProductService;
			sourceTree = "<group>";
		};
		220E804C2775F08900E09DF7 /* TestHelper */ = {
			isa = PBXGroup;
			children = (
				220E804D2775F0B000E09DF7 /* ProductsViewModelTestHelper.swift */,
			);
			path = TestHelper;
			sourceTree = "<group>";
		};
		226814922763556100D86311 /* ViewModel */ = {
			isa = PBXGroup;
			children = (
				226814932763558700D86311 /* ProductsViewModel.swift */,
			);
			path = ViewModel;
			sourceTree = "<group>";
		};
		226814962763562300D86311 /* View */ = {
			isa = PBXGroup;
			children = (
				22767085275F9FA200EA95DA /* ProductsView.swift */,
			);
			path = View;
			sourceTree = "<group>";
		};
		2268149B2763641500D86311 /* Model */ = {
			isa = PBXGroup;
			children = (
				2268149C2763643C00D86311 /* ProductCategory2.swift */,
			);
			path = Model;
			sourceTree = "<group>";
		};
		226814A227637EE000D86311 /* Model */ = {
			isa = PBXGroup;
			children = (
				226814A327637EF100D86311 /* Cart.swift */,
				22A5D3CE276CB15A001F5C79 /* Order.swift */,
				22A5D3D0276CB184001F5C79 /* CartItem.swift */,
			);
			path = Model;
			sourceTree = "<group>";
		};
		2275ACFB275FDFDB00C32262 /* ProductDetail */ = {
			isa = PBXGroup;
			children = (
				2275ACFC275FDFEF00C32262 /* ProductDetailsPage.swift */,
			);
			path = ProductDetail;
			sourceTree = "<group>";
		};
		2276704B275F78AC00EA95DA = {
			isa = PBXGroup;
			children = (
				22A5D3CB276C9FD9001F5C79 /* README.md */,
				22767056275F78AC00EA95DA /* bil403 */,
				22767067275F78AD00EA95DA /* bil403Tests */,
				22767071275F78AD00EA95DA /* bil403UITests */,
				22767055275F78AC00EA95DA /* Products */,
			);
			sourceTree = "<group>";
		};
		22767055275F78AC00EA95DA /* Products */ = {
			isa = PBXGroup;
			children = (
				22767054275F78AC00EA95DA /* bil403.app */,
				22767064275F78AD00EA95DA /* bil403Tests.xctest */,
				2276706E275F78AD00EA95DA /* bil403UITests.xctest */,
			);
			name = Products;
			sourceTree = "<group>";
		};
		22767056275F78AC00EA95DA /* bil403 */ = {
			isa = PBXGroup;
			children = (
				22F12A1427709A3C009F50DB /* Splash */,
				22767095275FC04300EA95DA /* Shared */,
				2279487427666FAE000FC651 /* MyOrders */,
				2279487327666F8E000FC651 /* MyPaymenMethods */,
				2279486F27666EC0000FC651 /* MyAddresses */,
				22852A672764CFCD003E7FEF /* UserProfile */,
				229730432762B0BA003C80E0 /* Assets.xcassets */,
				2297303F2762AE03003C80E0 /* spinner.gif */,
				2287D0812762445E005118AF /* OrderConfirmationReview */,
				2287D07D27621F4B005118AF /* PaymentAddressSelection */,
				228C6AF22760E7F400482362 /* Cart */,
				228C6AE92760D5B900482362 /* SearchProductPage */,
				2275ACFB275FDFDB00C32262 /* ProductDetail */,
				22767084275F9F8B00EA95DA /* Products */,
				22767081275F9EF500EA95DA /* Home */,
				22767057275F78AC00EA95DA /* bil403App.swift */,
				22767059275F78AC00EA95DA /* ContentView.swift */,
				2276705D275F78AD00EA95DA /* Preview Content */,
			);
			path = bil403;
			sourceTree = "<group>";
		};
		2276705D275F78AD00EA95DA /* Preview Content */ = {
			isa = PBXGroup;
			children = (
				2276705E275F78AD00EA95DA /* Preview Assets.xcassets */,
			);
			path = "Preview Content";
			sourceTree = "<group>";
		};
		22767067275F78AD00EA95DA /* bil403Tests */ = {
			isa = PBXGroup;
			children = (
				220E80462775EE8000E09DF7 /* TestDoubles */,
				2281C454277271160004187C /* ProductsViewModel */,
				2281C453277270DE0004187C /* Cart */,
				2281C44A277266BB0004187C /* product1.json */,
				2281C449277266940004187C /* stub_json */,
				22767068275F78AD00EA95DA /* bil403Tests.swift */,
				2268149E276371D800D86311 /* ProductService_Tests.swift */,
				22C86C3B276E1CF400039523 /* Stubbable.swift */,
				2281C45127726B6B0004187C /* readStub.swift */,
			);
			path = bil403Tests;
			sourceTree = "<group>";
		};
		22767071275F78AD00EA95DA /* bil403UITests */ = {
			isa = PBXGroup;
			children = (
				22767072275F78AD00EA95DA /* bil403UITests.swift */,
				22767074275F78AD00EA95DA /* bil403UITestsLaunchTests.swift */,
			);
			path = bil403UITests;
			sourceTree = "<group>";
		};
		22767081275F9EF500EA95DA /* Home */ = {
			isa = PBXGroup;
			children = (
				2279486C27665EFD000FC651 /* Model */,
				22767082275F9F1A00EA95DA /* HomeView.swift */,
				2276708A275FAE4800EA95DA /* AdvertisementCarouselView.swift */,
				2276708C275FB50000EA95DA /* CategoriesGrid.swift */,
				2276708E275FB53F00EA95DA /* CategoryCard.swift */,
			);
			path = Home;
			sourceTree = "<group>";
		};
		22767084275F9F8B00EA95DA /* Products */ = {
			isa = PBXGroup;
			children = (
				2268149B2763641500D86311 /* Model */,
				226814962763562300D86311 /* View */,
				226814922763556100D86311 /* ViewModel */,
				22767087275FACFA00EA95DA /* CategoryProducts */,
			);
			path = Products;
			sourceTree = "<group>";
		};
		22767087275FACFA00EA95DA /* CategoryProducts */ = {
			isa = PBXGroup;
			children = (
				22767092275FBF2C00EA95DA /* Model */,
				22767088275FAD0900EA95DA /* CategoryProductsView.swift */,
				22767090275FB86C00EA95DA /* ProductCard.swift */,
			);
			path = CategoryProducts;
			sourceTree = "<group>";
		};
		22767092275FBF2C00EA95DA /* Model */ = {
			isa = PBXGroup;
			children = (
				22767093275FBF3900EA95DA /* Product.swift */,
			);
			path = Model;
			sourceTree = "<group>";
		};
		22767095275FC04300EA95DA /* Shared */ = {
			isa = PBXGroup;
			children = (
				22C86C3D276E421F00039523 /* Services */,
				228C6AEF2760E0D600482362 /* Views */,
				228C6AEC2760DC7B00482362 /* Modifiers */,
				22767098275FC0E300EA95DA /* BasicExtensions */,
				22767096275FC05100EA95DA /* MockObjects.swift */,
				2297303127627743003C80E0 /* NavigationHelper.swift */,
				229730362762A5B3003C80E0 /* AppAlert.swift */,
				226814A027637E1800D86311 /* RequestPackager.swift */,
				2279486A27664E62000FC651 /* Endpoint.swift */,
				22C86C58276E823C00039523 /* Dependencies.swift */,
			);
			path = Shared;
			sourceTree = "<group>";
		};
		22767098275FC0E300EA95DA /* BasicExtensions */ = {
			isa = PBXGroup;
			children = (
				22767099275FC0F500EA95DA /* DoubleExtension.swift */,
				2275ACFE275FF79900C32262 /* ColorExtension.swift */,
				2297302F27627091003C80E0 /* PresentationNodeExtension.swift */,
				226814992763576E00D86311 /* HTTPUrlResponse.swift */,
				2295430F276FD1D70045C953 /* CloseKeyboardWhenClickedOutside.swift */,
			);
			path = BasicExtensions;
			sourceTree = "<group>";
		};
		22794860276642D8000FC651 /* Model */ = {
			isa = PBXGroup;
			children = (
				2279486227664309000FC651 /* Address.swift */,
				2279486427664319000FC651 /* PaymentMethod.swift */,
			);
			path = Model;
			sourceTree = "<group>";
		};
		22794861276642DF000FC651 /* ViewModel */ = {
			isa = PBXGroup;
			children = (
				227948662766435B000FC651 /* PaymentAddressSelectionViewModel.swift */,
			);
			path = ViewModel;
			sourceTree = "<group>";
		};
		2279486C27665EFD000FC651 /* Model */ = {
			isa = PBXGroup;
			children = (
				2279486D27665F18000FC651 /* Advertisement.swift */,
			);
			path = Model;
			sourceTree = "<group>";
		};
		2279486F27666EC0000FC651 /* MyAddresses */ = {
			isa = PBXGroup;
			children = (
				2279487927666FE9000FC651 /* ViewModel */,
				2279487027666ED4000FC651 /* View */,
			);
			path = MyAddresses;
			sourceTree = "<group>";
		};
		2279487027666ED4000FC651 /* View */ = {
			isa = PBXGroup;
			children = (
				2279487127666F6A000FC651 /* MyAddressesPage.swift */,
			);
			path = View;
			sourceTree = "<group>";
		};
		2279487327666F8E000FC651 /* MyPaymenMethods */ = {
			isa = PBXGroup;
			children = (
				2279487827666FE1000FC651 /* ViewModel */,
				2279487527666FC5000FC651 /* View */,
			);
			path = MyPaymenMethods;
			sourceTree = "<group>";
		};
		2279487427666FAE000FC651 /* MyOrders */ = {
			isa = PBXGroup;
			children = (
				2279487727666FD8000FC651 /* ViewModel */,
				2279487627666FCF000FC651 /* View */,
			);
			path = MyOrders;
			sourceTree = "<group>";
		};
		2279487527666FC5000FC651 /* View */ = {
			isa = PBXGroup;
			children = (
				2279487A2766709C000FC651 /* MyPaymentMethodsPage.swift */,
			);
			name = View;
			path = "VİEW";
			sourceTree = "<group>";
		};
		2279487627666FCF000FC651 /* View */ = {
			isa = PBXGroup;
			children = (
				2279487C276670C5000FC651 /* MyOrdersPage.swift */,
			);
			path = View;
			sourceTree = "<group>";
		};
		2279487727666FD8000FC651 /* ViewModel */ = {
			isa = PBXGroup;
			children = (
			);
			path = ViewModel;
			sourceTree = "<group>";
		};
		2279487827666FE1000FC651 /* ViewModel */ = {
			isa = PBXGroup;
			children = (
				2279488427668EDB000FC651 /* MyPaymentMethodsViewModel.swift */,
			);
			path = ViewModel;
			sourceTree = "<group>";
		};
		2279487927666FE9000FC651 /* ViewModel */ = {
			isa = PBXGroup;
			children = (
				2279488027667D2A000FC651 /* MyAddressesViewModel.swift */,
			);
			path = ViewModel;
			sourceTree = "<group>";
		};
		2279488627669417000FC651 /* ViewModel */ = {
			isa = PBXGroup;
			children = (
				227948872766942B000FC651 /* ProfileViewModel.swift */,
			);
			path = ViewModel;
			sourceTree = "<group>";
		};
		2281C449277266940004187C /* stub_json */ = {
			isa = PBXGroup;
			children = (
				2281C44C277266E00004187C /* product2.json */,
				2281C44D277266F90004187C /* product3.json */,
				2281C44F2772670C0004187C /* order.json */,
			);
			path = stub_json;
			sourceTree = "<group>";
		};
		2281C453277270DE0004187C /* Cart */ = {
			isa = PBXGroup;
			children = (
				226814A52763A2F800D86311 /* Cart_Tests.swift */,
			);
			path = Cart;
			sourceTree = "<group>";
		};
		2281C454277271160004187C /* ProductsViewModel */ = {
			isa = PBXGroup;
			children = (
				220E804C2775F08900E09DF7 /* TestHelper */,
				2281C455277271350004187C /* ProductsViewModel_Tests.swift */,
			);
			path = ProductsViewModel;
			sourceTree = "<group>";
		};
		22852A672764CFCD003E7FEF /* UserProfile */ = {
			isa = PBXGroup;
			children = (
				2279488627669417000FC651 /* ViewModel */,
				22852A682764CFE8003E7FEF /* UserProfilePage.swift */,
			);
			path = UserProfile;
			sourceTree = "<group>";
		};
		2287D07D27621F4B005118AF /* PaymentAddressSelection */ = {
			isa = PBXGroup;
			children = (
				22794861276642DF000FC651 /* ViewModel */,
				22794860276642D8000FC651 /* Model */,
				2287D07E27621F5F005118AF /* View */,
			);
			path = PaymentAddressSelection;
			sourceTree = "<group>";
		};
		2287D07E27621F5F005118AF /* View */ = {
			isa = PBXGroup;
			children = (
				2287D07F27621F74005118AF /* PaymentAddressSelectionPage.swift */,
			);
			path = View;
			sourceTree = "<group>";
		};
		2287D0812762445E005118AF /* OrderConfirmationReview */ = {
			isa = PBXGroup;
			children = (
				2287D08327624477005118AF /* ViewModel */,
				2287D0822762446E005118AF /* View */,
			);
			path = OrderConfirmationReview;
			sourceTree = "<group>";
		};
		2287D0822762446E005118AF /* View */ = {
			isa = PBXGroup;
			children = (
				2287D084276244A3005118AF /* ConfirmationReviewPage.swift */,
			);
			path = View;
			sourceTree = "<group>";
		};
		2287D08327624477005118AF /* ViewModel */ = {
			isa = PBXGroup;
			children = (
				2279486827664D13000FC651 /* OrderConfirmationViewModel.swift */,
			);
			path = ViewModel;
			sourceTree = "<group>";
		};
		228C6AE92760D5B900482362 /* SearchProductPage */ = {
			isa = PBXGroup;
			children = (
				228C6AEA2760D5D000482362 /* SearchProductPage.swift */,
				2279488227668192000FC651 /* SearchViewModel.swift */,
			);
			path = SearchProductPage;
			sourceTree = "<group>";
		};
		228C6AEC2760DC7B00482362 /* Modifiers */ = {
			isa = PBXGroup;
			children = (
				228C6AED2760DC8F00482362 /* Placeholder.swift */,
			);
			path = Modifiers;
			sourceTree = "<group>";
		};
		228C6AEF2760E0D600482362 /* Views */ = {
			isa = PBXGroup;
			children = (
				228C6AF02760E0E900482362 /* CartIcon.swift */,
				2297303B2762A85F003C80E0 /* GIFView.swift */,
				22852A6A2764D11F003E7FEF /* AppNavBar.swift */,
				2279487E27667889000FC651 /* LazyView.swift */,
			);
			path = Views;
			sourceTree = "<group>";
		};
		228C6AF22760E7F400482362 /* Cart */ = {
			isa = PBXGroup;
			children = (
				226814A227637EE000D86311 /* Model */,
				228C6AF32760E80200482362 /* View */,
			);
			path = Cart;
			sourceTree = "<group>";
		};
		228C6AF32760E80200482362 /* View */ = {
			isa = PBXGroup;
			children = (
				228C6AF42760E81100482362 /* CartPage.swift */,
				228C6AF62760FB7700482362 /* CartProductView.swift */,
				228C6AF82760FBAD00482362 /* CartPageNavBar.swift */,
			);
			path = View;
			sourceTree = "<group>";
		};
		22C86C3D276E421F00039523 /* Services */ = {
			isa = PBXGroup;
			children = (
				22F12A0D277093C4009F50DB /* Implementations */,
				22F12A0C277093BA009F50DB /* Protocols */,
			);
			path = Services;
			sourceTree = "<group>";
		};
		22F12A0C277093BA009F50DB /* Protocols */ = {
			isa = PBXGroup;
			children = (
				22F12A0E277093DD009F50DB /* NetworkServiceProtocol.swift */,
				22F12A102770950D009F50DB /* ProductServiceProtocol.swift */,
			);
			path = Protocols;
			sourceTree = "<group>";
		};
		22F12A0D277093C4009F50DB /* Implementations */ = {
			isa = PBXGroup;
			children = (
				22C86C3E276E423000039523 /* NetworkService.swift */,
				22F12A122770954E009F50DB /* ProductService.swift */,
				2291A1A52773475300289D48 /* LazyProductService.swift */,
			);
			path = Implementations;
			sourceTree = "<group>";
		};
		22F12A1427709A3C009F50DB /* Splash */ = {
			isa = PBXGroup;
			children = (
				22F12A1527709A4D009F50DB /* SplashView.swift */,
			);
			path = Splash;
			sourceTree = "<group>";
		};
/* End PBXGroup section */

/* Begin PBXNativeTarget section */
		22767053275F78AC00EA95DA /* bil403 */ = {
			isa = PBXNativeTarget;
			buildConfigurationList = 22767078275F78AD00EA95DA /* Build configuration list for PBXNativeTarget "bil403" */;
			buildPhases = (
				22767050275F78AC00EA95DA /* Sources */,
				22767051275F78AC00EA95DA /* Frameworks */,
				22767052275F78AC00EA95DA /* Resources */,
			);
			buildRules = (
			);
			dependencies = (
			);
			name = bil403;
			packageProductDependencies = (
				229730342762819B003C80E0 /* NavigationViewKit */,
				229730392762A841003C80E0 /* FLAnimatedImage */,
			);
			productName = bil403;
			productReference = 22767054275F78AC00EA95DA /* bil403.app */;
			productType = "com.apple.product-type.application";
		};
		22767063275F78AD00EA95DA /* bil403Tests */ = {
			isa = PBXNativeTarget;
			buildConfigurationList = 2276707B275F78AD00EA95DA /* Build configuration list for PBXNativeTarget "bil403Tests" */;
			buildPhases = (
				22767060275F78AD00EA95DA /* Sources */,
				22767061275F78AD00EA95DA /* Frameworks */,
				22767062275F78AD00EA95DA /* Resources */,
			);
			buildRules = (
			);
			dependencies = (
				22767066275F78AD00EA95DA /* PBXTargetDependency */,
			);
			name = bil403Tests;
			productName = bil403Tests;
			productReference = 22767064275F78AD00EA95DA /* bil403Tests.xctest */;
			productType = "com.apple.product-type.bundle.unit-test";
		};
		2276706D275F78AD00EA95DA /* bil403UITests */ = {
			isa = PBXNativeTarget;
			buildConfigurationList = 2276707E275F78AD00EA95DA /* Build configuration list for PBXNativeTarget "bil403UITests" */;
			buildPhases = (
				2276706A275F78AD00EA95DA /* Sources */,
				2276706B275F78AD00EA95DA /* Frameworks */,
				2276706C275F78AD00EA95DA /* Resources */,
			);
			buildRules = (
			);
			dependencies = (
				22767070275F78AD00EA95DA /* PBXTargetDependency */,
			);
			name = bil403UITests;
			productName = bil403UITests;
			productReference = 2276706E275F78AD00EA95DA /* bil403UITests.xctest */;
			productType = "com.apple.product-type.bundle.ui-testing";
		};
/* End PBXNativeTarget section */

/* Begin PBXProject section */
		2276704C275F78AC00EA95DA /* Project object */ = {
			isa = PBXProject;
			attributes = {
				BuildIndependentTargetsInParallel = 1;
				LastSwiftUpdateCheck = 1310;
				LastUpgradeCheck = 1310;
				TargetAttributes = {
					22767053275F78AC00EA95DA = {
						CreatedOnToolsVersion = 13.1;
					};
					22767063275F78AD00EA95DA = {
						CreatedOnToolsVersion = 13.1;
						TestTargetID = 22767053275F78AC00EA95DA;
					};
					2276706D275F78AD00EA95DA = {
						CreatedOnToolsVersion = 13.1;
						TestTargetID = 22767053275F78AC00EA95DA;
					};
				};
			};
			buildConfigurationList = 2276704F275F78AC00EA95DA /* Build configuration list for PBXProject "bil403" */;
			compatibilityVersion = "Xcode 13.0";
			developmentRegion = en;
			hasScannedForEncodings = 0;
			knownRegions = (
				en,
				Base,
			);
			mainGroup = 2276704B275F78AC00EA95DA;
			packageReferences = (
				229730332762819B003C80E0 /* XCRemoteSwiftPackageReference "NavigationViewKit" */,
				229730382762A841003C80E0 /* XCRemoteSwiftPackageReference "FLAnimatedImage" */,
			);
			productRefGroup = 22767055275F78AC00EA95DA /* Products */;
			projectDirPath = "";
			projectRoot = "";
			targets = (
				22767053275F78AC00EA95DA /* bil403 */,
				22767063275F78AD00EA95DA /* bil403Tests */,
				2276706D275F78AD00EA95DA /* bil403UITests */,
			);
		};
/* End PBXProject section */

/* Begin PBXResourcesBuildPhase section */
		22767052275F78AC00EA95DA /* Resources */ = {
			isa = PBXResourcesBuildPhase;
			buildActionMask = 2147483647;
			files = (
				229730402762AE03003C80E0 /* spinner.gif in Resources */,
				2276705F275F78AD00EA95DA /* Preview Assets.xcassets in Resources */,
				22A5D3CC276C9FD9001F5C79 /* README.md in Resources */,
				229730442762B0BA003C80E0 /* Assets.xcassets in Resources */,
			);
			runOnlyForDeploymentPostprocessing = 0;
		};
		22767062275F78AD00EA95DA /* Resources */ = {
			isa = PBXResourcesBuildPhase;
			buildActionMask = 2147483647;
			files = (
			);
			runOnlyForDeploymentPostprocessing = 0;
		};
		2276706C275F78AD00EA95DA /* Resources */ = {
			isa = PBXResourcesBuildPhase;
			buildActionMask = 2147483647;
			files = (
			);
			runOnlyForDeploymentPostprocessing = 0;
		};
/* End PBXResourcesBuildPhase section */

/* Begin PBXSourcesBuildPhase section */
		22767050275F78AC00EA95DA /* Sources */ = {
			isa = PBXSourcesBuildPhase;
			buildActionMask = 2147483647;
			files = (
				226814A127637E1800D86311 /* RequestPackager.swift in Sources */,
				228C6AF92760FBAD00482362 /* CartPageNavBar.swift in Sources */,
				2297303227627743003C80E0 /* NavigationHelper.swift in Sources */,
				22F12A132770954E009F50DB /* ProductService.swift in Sources */,
				2275ACFD275FDFEF00C32262 /* ProductDetailsPage.swift in Sources */,
				2276709A275FC0F500EA95DA /* DoubleExtension.swift in Sources */,
				2287D085276244A3005118AF /* ConfirmationReviewPage.swift in Sources */,
				2291A1A62773475300289D48 /* LazyProductService.swift in Sources */,
				22767086275F9FA200EA95DA /* ProductsView.swift in Sources */,
				22A5D3D1276CB184001F5C79 /* CartItem.swift in Sources */,
				2279486B27664E62000FC651 /* Endpoint.swift in Sources */,
				228C6AF72760FB7700482362 /* CartProductView.swift in Sources */,
				2276708D275FB50000EA95DA /* CategoriesGrid.swift in Sources */,
				2276708B275FAE4800EA95DA /* AdvertisementCarouselView.swift in Sources */,
				226814942763558700D86311 /* ProductsViewModel.swift in Sources */,
				2275ACFF275FF79900C32262 /* ColorExtension.swift in Sources */,
				2279488327668192000FC651 /* SearchViewModel.swift in Sources */,
				22C86C59276E823C00039523 /* Dependencies.swift in Sources */,
				22852A6B2764D11F003E7FEF /* AppNavBar.swift in Sources */,
				228C6AF12760E0E900482362 /* CartIcon.swift in Sources */,
				2297303C2762A85F003C80E0 /* GIFView.swift in Sources */,
				2279486E27665F18000FC651 /* Advertisement.swift in Sources */,
				22954310276FD1D70045C953 /* CloseKeyboardWhenClickedOutside.swift in Sources */,
				226814A427637EF100D86311 /* Cart.swift in Sources */,
				22767083275F9F1A00EA95DA /* HomeView.swift in Sources */,
				22C86C3F276E423000039523 /* NetworkService.swift in Sources */,
				2287D08027621F74005118AF /* PaymentAddressSelectionPage.swift in Sources */,
				228C6AEB2760D5D000482362 /* SearchProductPage.swift in Sources */,
				2276705A275F78AC00EA95DA /* ContentView.swift in Sources */,
				2279487D276670C5000FC651 /* MyOrdersPage.swift in Sources */,
				2268149D2763643C00D86311 /* ProductCategory2.swift in Sources */,
				22F12A112770950D009F50DB /* ProductServiceProtocol.swift in Sources */,
				2279487227666F6A000FC651 /* MyAddressesPage.swift in Sources */,
				228C6AF52760E81100482362 /* CartPage.swift in Sources */,
				22767091275FB86C00EA95DA /* ProductCard.swift in Sources */,
				2268149A2763576E00D86311 /* HTTPUrlResponse.swift in Sources */,
				227948882766942B000FC651 /* ProfileViewModel.swift in Sources */,
				2276708F275FB53F00EA95DA /* CategoryCard.swift in Sources */,
				229730372762A5B3003C80E0 /* AppAlert.swift in Sources */,
				2297303027627091003C80E0 /* PresentationNodeExtension.swift in Sources */,
				22767094275FBF3900EA95DA /* Product.swift in Sources */,
				22767058275F78AC00EA95DA /* bil403App.swift in Sources */,
				22F12A1627709A4D009F50DB /* SplashView.swift in Sources */,
				2279486927664D13000FC651 /* OrderConfirmationViewModel.swift in Sources */,
				22767097275FC05100EA95DA /* MockObjects.swift in Sources */,
				227948672766435B000FC651 /* PaymentAddressSelectionViewModel.swift in Sources */,
				22852A692764CFE8003E7FEF /* UserProfilePage.swift in Sources */,
				2279488127667D2A000FC651 /* MyAddressesViewModel.swift in Sources */,
				22767089275FAD0900EA95DA /* CategoryProductsView.swift in Sources */,
				2279487B2766709C000FC651 /* MyPaymentMethodsPage.swift in Sources */,
				2279487F27667889000FC651 /* LazyView.swift in Sources */,
				2279488527668EDB000FC651 /* MyPaymentMethodsViewModel.swift in Sources */,
				2279486527664319000FC651 /* PaymentMethod.swift in Sources */,
				22F12A0F277093DD009F50DB /* NetworkServiceProtocol.swift in Sources */,
				228C6AEE2760DC8F00482362 /* Placeholder.swift in Sources */,
				2279486327664309000FC651 /* Address.swift in Sources */,
				22A5D3CF276CB15A001F5C79 /* Order.swift in Sources */,
			);
			runOnlyForDeploymentPostprocessing = 0;
		};
		22767060275F78AD00EA95DA /* Sources */ = {
			isa = PBXSourcesBuildPhase;
			buildActionMask = 2147483647;
			files = (
				2281C456277271350004187C /* ProductsViewModel_Tests.swift in Sources */,
				220E804E2775F0B000E09DF7 /* ProductsViewModelTestHelper.swift in Sources */,
				226814A62763A2F800D86311 /* Cart_Tests.swift in Sources */,
				22767069275F78AD00EA95DA /* bil403Tests.swift in Sources */,
				2281C4502772670C0004187C /* order.json in Sources */,
				2281C45227726B6B0004187C /* readStub.swift in Sources */,
				220E80502775F42000E09DF7 /* ProductServiceSabouterStub.swift in Sources */,
				220E80492775EEA200E09DF7 /* DummyProductService.swift in Sources */,
				2281C44B277266BB0004187C /* product1.json in Sources */,
				22C86C3C276E1CF400039523 /* Stubbable.swift in Sources */,
				2268149F276371D800D86311 /* ProductService_Tests.swift in Sources */,
				220E804B2775EF6A00E09DF7 /* ProductServiceResponderStub.swift in Sources */,
				2281C44E277266F90004187C /* product3.json in Sources */,
			);
			runOnlyForDeploymentPostprocessing = 0;
		};
		2276706A275F78AD00EA95DA /* Sources */ = {
			isa = PBXSourcesBuildPhase;
			buildActionMask = 2147483647;
			files = (
				22767075275F78AD00EA95DA /* bil403UITestsLaunchTests.swift in Sources */,
				22767073275F78AD00EA95DA /* bil403UITests.swift in Sources */,
			);
			runOnlyForDeploymentPostprocessing = 0;
		};
/* End PBXSourcesBuildPhase section */

/* Begin PBXTargetDependency section */
		22767066275F78AD00EA95DA /* PBXTargetDependency */ = {
			isa = PBXTargetDependency;
			target = 22767053275F78AC00EA95DA /* bil403 */;
			targetProxy = 22767065275F78AD00EA95DA /* PBXContainerItemProxy */;
		};
		22767070275F78AD00EA95DA /* PBXTargetDependency */ = {
			isa = PBXTargetDependency;
			target = 22767053275F78AC00EA95DA /* bil403 */;
			targetProxy = 2276706F275F78AD00EA95DA /* PBXContainerItemProxy */;
		};
/* End PBXTargetDependency section */

/* Begin XCBuildConfiguration section */
		22767076275F78AD00EA95DA /* Debug */ = {
			isa = XCBuildConfiguration;
			buildSettings = {
				ALWAYS_SEARCH_USER_PATHS = NO;
				CLANG_ANALYZER_NONNULL = YES;
				CLANG_ANALYZER_NUMBER_OBJECT_CONVERSION = YES_AGGRESSIVE;
				CLANG_CXX_LANGUAGE_STANDARD = "gnu++17";
				CLANG_CXX_LIBRARY = "libc++";
				CLANG_ENABLE_MODULES = YES;
				CLANG_ENABLE_OBJC_ARC = YES;
				CLANG_ENABLE_OBJC_WEAK = YES;
				CLANG_WARN_BLOCK_CAPTURE_AUTORELEASING = YES;
				CLANG_WARN_BOOL_CONVERSION = YES;
				CLANG_WARN_COMMA = YES;
				CLANG_WARN_CONSTANT_CONVERSION = YES;
				CLANG_WARN_DEPRECATED_OBJC_IMPLEMENTATIONS = YES;
				CLANG_WARN_DIRECT_OBJC_ISA_USAGE = YES_ERROR;
				CLANG_WARN_DOCUMENTATION_COMMENTS = YES;
				CLANG_WARN_EMPTY_BODY = YES;
				CLANG_WARN_ENUM_CONVERSION = YES;
				CLANG_WARN_INFINITE_RECURSION = YES;
				CLANG_WARN_INT_CONVERSION = YES;
				CLANG_WARN_NON_LITERAL_NULL_CONVERSION = YES;
				CLANG_WARN_OBJC_IMPLICIT_RETAIN_SELF = YES;
				CLANG_WARN_OBJC_LITERAL_CONVERSION = YES;
				CLANG_WARN_OBJC_ROOT_CLASS = YES_ERROR;
				CLANG_WARN_QUOTED_INCLUDE_IN_FRAMEWORK_HEADER = YES;
				CLANG_WARN_RANGE_LOOP_ANALYSIS = YES;
				CLANG_WARN_STRICT_PROTOTYPES = YES;
				CLANG_WARN_SUSPICIOUS_MOVE = YES;
				CLANG_WARN_UNGUARDED_AVAILABILITY = YES_AGGRESSIVE;
				CLANG_WARN_UNREACHABLE_CODE = YES;
				CLANG_WARN__DUPLICATE_METHOD_MATCH = YES;
				COPY_PHASE_STRIP = NO;
				DEBUG_INFORMATION_FORMAT = dwarf;
				ENABLE_STRICT_OBJC_MSGSEND = YES;
				ENABLE_TESTABILITY = YES;
				GCC_C_LANGUAGE_STANDARD = gnu11;
				GCC_DYNAMIC_NO_PIC = NO;
				GCC_NO_COMMON_BLOCKS = YES;
				GCC_OPTIMIZATION_LEVEL = 0;
				GCC_PREPROCESSOR_DEFINITIONS = (
					"DEBUG=1",
					"$(inherited)",
				);
				GCC_WARN_64_TO_32_BIT_CONVERSION = YES;
				GCC_WARN_ABOUT_RETURN_TYPE = YES_ERROR;
				GCC_WARN_UNDECLARED_SELECTOR = YES;
				GCC_WARN_UNINITIALIZED_AUTOS = YES_AGGRESSIVE;
				GCC_WARN_UNUSED_FUNCTION = YES;
				GCC_WARN_UNUSED_VARIABLE = YES;
				IPHONEOS_DEPLOYMENT_TARGET = 15.0;
				MTL_ENABLE_DEBUG_INFO = INCLUDE_SOURCE;
				MTL_FAST_MATH = YES;
				ONLY_ACTIVE_ARCH = YES;
				SDKROOT = iphoneos;
				SWIFT_ACTIVE_COMPILATION_CONDITIONS = DEBUG;
				SWIFT_OPTIMIZATION_LEVEL = "-Onone";
			};
			name = Debug;
		};
		22767077275F78AD00EA95DA /* Release */ = {
			isa = XCBuildConfiguration;
			buildSettings = {
				ALWAYS_SEARCH_USER_PATHS = NO;
				CLANG_ANALYZER_NONNULL = YES;
				CLANG_ANALYZER_NUMBER_OBJECT_CONVERSION = YES_AGGRESSIVE;
				CLANG_CXX_LANGUAGE_STANDARD = "gnu++17";
				CLANG_CXX_LIBRARY = "libc++";
				CLANG_ENABLE_MODULES = YES;
				CLANG_ENABLE_OBJC_ARC = YES;
				CLANG_ENABLE_OBJC_WEAK = YES;
				CLANG_WARN_BLOCK_CAPTURE_AUTORELEASING = YES;
				CLANG_WARN_BOOL_CONVERSION = YES;
				CLANG_WARN_COMMA = YES;
				CLANG_WARN_CONSTANT_CONVERSION = YES;
				CLANG_WARN_DEPRECATED_OBJC_IMPLEMENTATIONS = YES;
				CLANG_WARN_DIRECT_OBJC_ISA_USAGE = YES_ERROR;
				CLANG_WARN_DOCUMENTATION_COMMENTS = YES;
				CLANG_WARN_EMPTY_BODY = YES;
				CLANG_WARN_ENUM_CONVERSION = YES;
				CLANG_WARN_INFINITE_RECURSION = YES;
				CLANG_WARN_INT_CONVERSION = YES;
				CLANG_WARN_NON_LITERAL_NULL_CONVERSION = YES;
				CLANG_WARN_OBJC_IMPLICIT_RETAIN_SELF = YES;
				CLANG_WARN_OBJC_LITERAL_CONVERSION = YES;
				CLANG_WARN_OBJC_ROOT_CLASS = YES_ERROR;
				CLANG_WARN_QUOTED_INCLUDE_IN_FRAMEWORK_HEADER = YES;
				CLANG_WARN_RANGE_LOOP_ANALYSIS = YES;
				CLANG_WARN_STRICT_PROTOTYPES = YES;
				CLANG_WARN_SUSPICIOUS_MOVE = YES;
				CLANG_WARN_UNGUARDED_AVAILABILITY = YES_AGGRESSIVE;
				CLANG_WARN_UNREACHABLE_CODE = YES;
				CLANG_WARN__DUPLICATE_METHOD_MATCH = YES;
				COPY_PHASE_STRIP = NO;
				DEBUG_INFORMATION_FORMAT = "dwarf-with-dsym";
				ENABLE_NS_ASSERTIONS = NO;
				ENABLE_STRICT_OBJC_MSGSEND = YES;
				GCC_C_LANGUAGE_STANDARD = gnu11;
				GCC_NO_COMMON_BLOCKS = YES;
				GCC_WARN_64_TO_32_BIT_CONVERSION = YES;
				GCC_WARN_ABOUT_RETURN_TYPE = YES_ERROR;
				GCC_WARN_UNDECLARED_SELECTOR = YES;
				GCC_WARN_UNINITIALIZED_AUTOS = YES_AGGRESSIVE;
				GCC_WARN_UNUSED_FUNCTION = YES;
				GCC_WARN_UNUSED_VARIABLE = YES;
				IPHONEOS_DEPLOYMENT_TARGET = 15.0;
				MTL_ENABLE_DEBUG_INFO = NO;
				MTL_FAST_MATH = YES;
				SDKROOT = iphoneos;
				SWIFT_COMPILATION_MODE = wholemodule;
				SWIFT_OPTIMIZATION_LEVEL = "-O";
				VALIDATE_PRODUCT = YES;
			};
			name = Release;
		};
		22767079275F78AD00EA95DA /* Debug */ = {
			isa = XCBuildConfiguration;
			buildSettings = {
				ASSETCATALOG_COMPILER_APPICON_NAME = AppIcon;
				ASSETCATALOG_COMPILER_GLOBAL_ACCENT_COLOR_NAME = AccentColor;
				CODE_SIGN_STYLE = Automatic;
				CURRENT_PROJECT_VERSION = 1;
				DEVELOPMENT_ASSET_PATHS = "\"bil403/Preview Content\"";
				DEVELOPMENT_TEAM = CH7GDXB49G;
				ENABLE_PREVIEWS = YES;
				GENERATE_INFOPLIST_FILE = YES;
				INFOPLIST_KEY_UIApplicationSceneManifest_Generation = YES;
				INFOPLIST_KEY_UIApplicationSupportsIndirectInputEvents = YES;
				INFOPLIST_KEY_UILaunchScreen_Generation = YES;
				INFOPLIST_KEY_UISupportedInterfaceOrientations_iPad = "UIInterfaceOrientationPortrait UIInterfaceOrientationPortraitUpsideDown UIInterfaceOrientationLandscapeLeft UIInterfaceOrientationLandscapeRight";
				INFOPLIST_KEY_UISupportedInterfaceOrientations_iPhone = "UIInterfaceOrientationPortrait UIInterfaceOrientationLandscapeLeft UIInterfaceOrientationLandscapeRight";
				LD_RUNPATH_SEARCH_PATHS = (
					"$(inherited)",
					"@executable_path/Frameworks",
				);
				MARKETING_VERSION = 1.0;
				PRODUCT_BUNDLE_IDENTIFIER = gurhankuras.bil403;
				PRODUCT_NAME = "$(TARGET_NAME)";
				SWIFT_EMIT_LOC_STRINGS = YES;
				SWIFT_VERSION = 5.0;
				TARGETED_DEVICE_FAMILY = "1,2";
			};
			name = Debug;
		};
		2276707A275F78AD00EA95DA /* Release */ = {
			isa = XCBuildConfiguration;
			buildSettings = {
				ASSETCATALOG_COMPILER_APPICON_NAME = AppIcon;
				ASSETCATALOG_COMPILER_GLOBAL_ACCENT_COLOR_NAME = AccentColor;
				CODE_SIGN_STYLE = Automatic;
				CURRENT_PROJECT_VERSION = 1;
				DEVELOPMENT_ASSET_PATHS = "\"bil403/Preview Content\"";
				DEVELOPMENT_TEAM = CH7GDXB49G;
				ENABLE_PREVIEWS = YES;
				GENERATE_INFOPLIST_FILE = YES;
				INFOPLIST_KEY_UIApplicationSceneManifest_Generation = YES;
				INFOPLIST_KEY_UIApplicationSupportsIndirectInputEvents = YES;
				INFOPLIST_KEY_UILaunchScreen_Generation = YES;
				INFOPLIST_KEY_UISupportedInterfaceOrientations_iPad = "UIInterfaceOrientationPortrait UIInterfaceOrientationPortraitUpsideDown UIInterfaceOrientationLandscapeLeft UIInterfaceOrientationLandscapeRight";
				INFOPLIST_KEY_UISupportedInterfaceOrientations_iPhone = "UIInterfaceOrientationPortrait UIInterfaceOrientationLandscapeLeft UIInterfaceOrientationLandscapeRight";
				LD_RUNPATH_SEARCH_PATHS = (
					"$(inherited)",
					"@executable_path/Frameworks",
				);
				MARKETING_VERSION = 1.0;
				PRODUCT_BUNDLE_IDENTIFIER = gurhankuras.bil403;
				PRODUCT_NAME = "$(TARGET_NAME)";
				SWIFT_EMIT_LOC_STRINGS = YES;
				SWIFT_VERSION = 5.0;
				TARGETED_DEVICE_FAMILY = "1,2";
			};
			name = Release;
		};
		2276707C275F78AD00EA95DA /* Debug */ = {
			isa = XCBuildConfiguration;
			buildSettings = {
				ALWAYS_EMBED_SWIFT_STANDARD_LIBRARIES = YES;
				BUNDLE_LOADER = "$(TEST_HOST)";
				CODE_SIGN_STYLE = Automatic;
				CURRENT_PROJECT_VERSION = 1;
				DEVELOPMENT_TEAM = CH7GDXB49G;
				GENERATE_INFOPLIST_FILE = YES;
				IPHONEOS_DEPLOYMENT_TARGET = 15.0;
				LD_RUNPATH_SEARCH_PATHS = (
					"$(inherited)",
					"@executable_path/Frameworks",
					"@loader_path/Frameworks",
				);
				MARKETING_VERSION = 1.0;
				PRODUCT_BUNDLE_IDENTIFIER = gurhankuras.bil403Tests;
				PRODUCT_NAME = "$(TARGET_NAME)";
				SWIFT_EMIT_LOC_STRINGS = NO;
				SWIFT_VERSION = 5.0;
				TARGETED_DEVICE_FAMILY = "1,2";
				TEST_HOST = "$(BUILT_PRODUCTS_DIR)/bil403.app/bil403";
			};
			name = Debug;
		};
		2276707D275F78AD00EA95DA /* Release */ = {
			isa = XCBuildConfiguration;
			buildSettings = {
				ALWAYS_EMBED_SWIFT_STANDARD_LIBRARIES = YES;
				BUNDLE_LOADER = "$(TEST_HOST)";
				CODE_SIGN_STYLE = Automatic;
				CURRENT_PROJECT_VERSION = 1;
				DEVELOPMENT_TEAM = CH7GDXB49G;
				GENERATE_INFOPLIST_FILE = YES;
				IPHONEOS_DEPLOYMENT_TARGET = 15.0;
				LD_RUNPATH_SEARCH_PATHS = (
					"$(inherited)",
					"@executable_path/Frameworks",
					"@loader_path/Frameworks",
				);
				MARKETING_VERSION = 1.0;
				PRODUCT_BUNDLE_IDENTIFIER = gurhankuras.bil403Tests;
				PRODUCT_NAME = "$(TARGET_NAME)";
				SWIFT_EMIT_LOC_STRINGS = NO;
				SWIFT_VERSION = 5.0;
				TARGETED_DEVICE_FAMILY = "1,2";
				TEST_HOST = "$(BUILT_PRODUCTS_DIR)/bil403.app/bil403";
			};
			name = Release;
		};
		2276707F275F78AD00EA95DA /* Debug */ = {
			isa = XCBuildConfiguration;
			buildSettings = {
				ALWAYS_EMBED_SWIFT_STANDARD_LIBRARIES = YES;
				CODE_SIGN_STYLE = Automatic;
				CURRENT_PROJECT_VERSION = 1;
				DEVELOPMENT_TEAM = CH7GDXB49G;
				GENERATE_INFOPLIST_FILE = YES;
				LD_RUNPATH_SEARCH_PATHS = (
					"$(inherited)",
					"@executable_path/Frameworks",
					"@loader_path/Frameworks",
				);
				MARKETING_VERSION = 1.0;
				PRODUCT_BUNDLE_IDENTIFIER = gurhankuras.bil403UITests;
				PRODUCT_NAME = "$(TARGET_NAME)";
				SWIFT_EMIT_LOC_STRINGS = NO;
				SWIFT_VERSION = 5.0;
				TARGETED_DEVICE_FAMILY = "1,2";
				TEST_TARGET_NAME = bil403;
			};
			name = Debug;
		};
		22767080275F78AD00EA95DA /* Release */ = {
			isa = XCBuildConfiguration;
			buildSettings = {
				ALWAYS_EMBED_SWIFT_STANDARD_LIBRARIES = YES;
				CODE_SIGN_STYLE = Automatic;
				CURRENT_PROJECT_VERSION = 1;
				DEVELOPMENT_TEAM = CH7GDXB49G;
				GENERATE_INFOPLIST_FILE = YES;
				LD_RUNPATH_SEARCH_PATHS = (
					"$(inherited)",
					"@executable_path/Frameworks",
					"@loader_path/Frameworks",
				);
				MARKETING_VERSION = 1.0;
				PRODUCT_BUNDLE_IDENTIFIER = gurhankuras.bil403UITests;
				PRODUCT_NAME = "$(TARGET_NAME)";
				SWIFT_EMIT_LOC_STRINGS = NO;
				SWIFT_VERSION = 5.0;
				TARGETED_DEVICE_FAMILY = "1,2";
				TEST_TARGET_NAME = bil403;
			};
			name = Release;
		};
/* End XCBuildConfiguration section */

/* Begin XCConfigurationList section */
		2276704F275F78AC00EA95DA /* Build configuration list for PBXProject "bil403" */ = {
			isa = XCConfigurationList;
			buildConfigurations = (
				22767076275F78AD00EA95DA /* Debug */,
				22767077275F78AD00EA95DA /* Release */,
			);
			defaultConfigurationIsVisible = 0;
			defaultConfigurationName = Release;
		};
		22767078275F78AD00EA95DA /* Build configuration list for PBXNativeTarget "bil403" */ = {
			isa = XCConfigurationList;
			buildConfigurations = (
				22767079275F78AD00EA95DA /* Debug */,
				2276707A275F78AD00EA95DA /* Release */,
			);
			defaultConfigurationIsVisible = 0;
			defaultConfigurationName = Release;
		};
		2276707B275F78AD00EA95DA /* Build configuration list for PBXNativeTarget "bil403Tests" */ = {
			isa = XCConfigurationList;
			buildConfigurations = (
				2276707C275F78AD00EA95DA /* Debug */,
				2276707D275F78AD00EA95DA /* Release */,
			);
			defaultConfigurationIsVisible = 0;
			defaultConfigurationName = Release;
		};
		2276707E275F78AD00EA95DA /* Build configuration list for PBXNativeTarget "bil403UITests" */ = {
			isa = XCConfigurationList;
			buildConfigurations = (
				2276707F275F78AD00EA95DA /* Debug */,
				22767080275F78AD00EA95DA /* Release */,
			);
			defaultConfigurationIsVisible = 0;
			defaultConfigurationName = Release;
		};
/* End XCConfigurationList section */

/* Begin XCRemoteSwiftPackageReference section */
		229730332762819B003C80E0 /* XCRemoteSwiftPackageReference "NavigationViewKit" */ = {
			isa = XCRemoteSwiftPackageReference;
			repositoryURL = "https://github.com/fatbobman/NavigationViewKit";
			requirement = {
				kind = upToNextMajorVersion;
				minimumVersion = 0.0.3;
			};
		};
		229730382762A841003C80E0 /* XCRemoteSwiftPackageReference "FLAnimatedImage" */ = {
			isa = XCRemoteSwiftPackageReference;
			repositoryURL = "https://github.com/Flipboard/FLAnimatedImage.git";
			requirement = {
				kind = upToNextMajorVersion;
				minimumVersion = 1.0.0;
			};
		};
/* End XCRemoteSwiftPackageReference section */

/* Begin XCSwiftPackageProductDependency section */
		229730342762819B003C80E0 /* NavigationViewKit */ = {
			isa = XCSwiftPackageProductDependency;
			package = 229730332762819B003C80E0 /* XCRemoteSwiftPackageReference "NavigationViewKit" */;
			productName = NavigationViewKit;
		};
		229730392762A841003C80E0 /* FLAnimatedImage */ = {
			isa = XCSwiftPackageProductDependency;
			package = 229730382762A841003C80E0 /* XCRemoteSwiftPackageReference "FLAnimatedImage" */;
			productName = FLAnimatedImage;
		};
/* End XCSwiftPackageProductDependency section */
	};
	rootObject = 2276704C275F78AC00EA95DA /* Project object */;
}
